// !$*UTF8*$!
{
	archiveVersion = 1;
	classes = {
	};
	objectVersion = 56;
	objects = {

/* Begin PBXBuildFile section */
		1EA8B1742C73FD4700E92945 /* DaterImageView.swift in Sources */ = {isa = PBXBuildFile; fileRef = 1EA8B1732C73FD4700E92945 /* DaterImageView.swift */; };
		1EE29C742C733EB400A8CA86 /* DownAppCodeChallengeApp.swift in Sources */ = {isa = PBXBuildFile; fileRef = 1EE29C732C733EB400A8CA86 /* DownAppCodeChallengeApp.swift */; };
		1EE29C782C733EB600A8CA86 /* Assets.xcassets in Resources */ = {isa = PBXBuildFile; fileRef = 1EE29C772C733EB600A8CA86 /* Assets.xcassets */; };
		1EE29C7B2C733EB600A8CA86 /* Preview Assets.xcassets in Resources */ = {isa = PBXBuildFile; fileRef = 1EE29C7A2C733EB600A8CA86 /* Preview Assets.xcassets */; };
		1EE29CA82C733FB300A8CA86 /* MainTabView.swift in Sources */ = {isa = PBXBuildFile; fileRef = 1EE29CA72C733FB300A8CA86 /* MainTabView.swift */; };
		1EE29CAD2C7343BC00A8CA86 /* HTTPDataDownloader.swift in Sources */ = {isa = PBXBuildFile; fileRef = 1EE29CAC2C7343BC00A8CA86 /* HTTPDataDownloader.swift */; };
		1EE29CAF2C7343DD00A8CA86 /* SizeConstants.swift in Sources */ = {isa = PBXBuildFile; fileRef = 1EE29CAE2C7343DD00A8CA86 /* SizeConstants.swift */; };
		1EE29CB12C7343FA00A8CA86 /* APIError.swift in Sources */ = {isa = PBXBuildFile; fileRef = 1EE29CB02C7343FA00A8CA86 /* APIError.swift */; };
		1EE29CB32C73440E00A8CA86 /* Dater.swift in Sources */ = {isa = PBXBuildFile; fileRef = 1EE29CB22C73440E00A8CA86 /* Dater.swift */; };
		1EE29CB62C7345AF00A8CA86 /* DaterService.swift in Sources */ = {isa = PBXBuildFile; fileRef = 1EE29CB52C7345AF00A8CA86 /* DaterService.swift */; };
		1EE29CB82C7345D800A8CA86 /* DaterModel.swift in Sources */ = {isa = PBXBuildFile; fileRef = 1EE29CB72C7345D700A8CA86 /* DaterModel.swift */; };
		1EE29CBA2C7345F500A8CA86 /* DatersViewModel.swift in Sources */ = {isa = PBXBuildFile; fileRef = 1EE29CB92C7345F500A8CA86 /* DatersViewModel.swift */; };
		1EE29CBC2C735A9600A8CA86 /* NetworkingTests.swift in Sources */ = {isa = PBXBuildFile; fileRef = 1EE29CBB2C735A9600A8CA86 /* NetworkingTests.swift */; };
		1EE29CBF2C735AFD00A8CA86 /* MockData.swift in Sources */ = {isa = PBXBuildFile; fileRef = 1EE29CBE2C735AFC00A8CA86 /* MockData.swift */; };
		1EE29CC12C735FFA00A8CA86 /* MockDaterService.swift in Sources */ = {isa = PBXBuildFile; fileRef = 1EE29CC02C735FFA00A8CA86 /* MockDaterService.swift */; };
		1EE29CC32C73602700A8CA86 /* DatersViewModelTests.swift in Sources */ = {isa = PBXBuildFile; fileRef = 1EE29CC22C73602700A8CA86 /* DatersViewModelTests.swift */; };
		1EE29CC62C73715A00A8CA86 /* DateDownIndicatorView.swift in Sources */ = {isa = PBXBuildFile; fileRef = 1EE29CC52C73715A00A8CA86 /* DateDownIndicatorView.swift */; };
		1EE29CC82C7371A900A8CA86 /* DateIndicatorStaticView.swift in Sources */ = {isa = PBXBuildFile; fileRef = 1EE29CC72C7371A900A8CA86 /* DateIndicatorStaticView.swift */; };
		1EE29CCA2C7371C400A8CA86 /* DateIndicatorTransientView.swift in Sources */ = {isa = PBXBuildFile; fileRef = 1EE29CC92C7371C400A8CA86 /* DateIndicatorTransientView.swift */; };
		1EE29CCC2C7371E100A8CA86 /* DaterInfoView.swift in Sources */ = {isa = PBXBuildFile; fileRef = 1EE29CCB2C7371E100A8CA86 /* DaterInfoView.swift */; };
		1EE29CCE2C7371FA00A8CA86 /* DownIndicatorStaticView.swift in Sources */ = {isa = PBXBuildFile; fileRef = 1EE29CCD2C7371FA00A8CA86 /* DownIndicatorStaticView.swift */; };
		1EE29CD02C73721200A8CA86 /* DownIndicatorTransientView.swift in Sources */ = {isa = PBXBuildFile; fileRef = 1EE29CCF2C73721200A8CA86 /* DownIndicatorTransientView.swift */; };
		1EE29CD22C73723700A8CA86 /* DateLineUpView.swift in Sources */ = {isa = PBXBuildFile; fileRef = 1EE29CD12C73723700A8CA86 /* DateLineUpView.swift */; };
		1EE29CD42C73725500A8CA86 /* DaterCardView.swift in Sources */ = {isa = PBXBuildFile; fileRef = 1EE29CD32C73725500A8CA86 /* DaterCardView.swift */; };
/* End PBXBuildFile section */

/* Begin PBXContainerItemProxy section */
		1EE29C812C733EB700A8CA86 /* PBXContainerItemProxy */ = {
			isa = PBXContainerItemProxy;
			containerPortal = 1EE29C682C733EB300A8CA86 /* Project object */;
			proxyType = 1;
			remoteGlobalIDString = 1EE29C6F2C733EB400A8CA86;
			remoteInfo = DownAppCodeChallenge;
		};
		1EE29C8B2C733EB700A8CA86 /* PBXContainerItemProxy */ = {
			isa = PBXContainerItemProxy;
			containerPortal = 1EE29C682C733EB300A8CA86 /* Project object */;
			proxyType = 1;
			remoteGlobalIDString = 1EE29C6F2C733EB400A8CA86;
			remoteInfo = DownAppCodeChallenge;
		};
/* End PBXContainerItemProxy section */

/* Begin PBXFileReference section */
		1EA8B1732C73FD4700E92945 /* DaterImageView.swift */ = {isa = PBXFileReference; lastKnownFileType = sourcecode.swift; path = DaterImageView.swift; sourceTree = "<group>"; };
		1EA8B1752C74040E00E92945 /* DownAppCodeChallenge.xctestplan */ = {isa = PBXFileReference; lastKnownFileType = text; path = DownAppCodeChallenge.xctestplan; sourceTree = "<group>"; };
		1EE29C702C733EB400A8CA86 /* DownAppCodeChallenge.app */ = {isa = PBXFileReference; explicitFileType = wrapper.application; includeInIndex = 0; path = DownAppCodeChallenge.app; sourceTree = BUILT_PRODUCTS_DIR; };
		1EE29C732C733EB400A8CA86 /* DownAppCodeChallengeApp.swift */ = {isa = PBXFileReference; lastKnownFileType = sourcecode.swift; path = DownAppCodeChallengeApp.swift; sourceTree = "<group>"; };
		1EE29C772C733EB600A8CA86 /* Assets.xcassets */ = {isa = PBXFileReference; lastKnownFileType = folder.assetcatalog; path = Assets.xcassets; sourceTree = "<group>"; };
		1EE29C7A2C733EB600A8CA86 /* Preview Assets.xcassets */ = {isa = PBXFileReference; lastKnownFileType = folder.assetcatalog; path = "Preview Assets.xcassets"; sourceTree = "<group>"; };
		1EE29C802C733EB700A8CA86 /* DownAppCodeChallengeTests.xctest */ = {isa = PBXFileReference; explicitFileType = wrapper.cfbundle; includeInIndex = 0; path = DownAppCodeChallengeTests.xctest; sourceTree = BUILT_PRODUCTS_DIR; };
		1EE29C8A2C733EB700A8CA86 /* DownAppCodeChallengeUITests.xctest */ = {isa = PBXFileReference; explicitFileType = wrapper.cfbundle; includeInIndex = 0; path = DownAppCodeChallengeUITests.xctest; sourceTree = BUILT_PRODUCTS_DIR; };
		1EE29CA72C733FB300A8CA86 /* MainTabView.swift */ = {isa = PBXFileReference; lastKnownFileType = sourcecode.swift; path = MainTabView.swift; sourceTree = "<group>"; };
		1EE29CAC2C7343BC00A8CA86 /* HTTPDataDownloader.swift */ = {isa = PBXFileReference; lastKnownFileType = sourcecode.swift; path = HTTPDataDownloader.swift; sourceTree = "<group>"; };
		1EE29CAE2C7343DD00A8CA86 /* SizeConstants.swift */ = {isa = PBXFileReference; lastKnownFileType = sourcecode.swift; path = SizeConstants.swift; sourceTree = "<group>"; };
		1EE29CB02C7343FA00A8CA86 /* APIError.swift */ = {isa = PBXFileReference; lastKnownFileType = sourcecode.swift; path = APIError.swift; sourceTree = "<group>"; };
		1EE29CB22C73440E00A8CA86 /* Dater.swift */ = {isa = PBXFileReference; lastKnownFileType = sourcecode.swift; path = Dater.swift; sourceTree = "<group>"; };
		1EE29CB52C7345AF00A8CA86 /* DaterService.swift */ = {isa = PBXFileReference; lastKnownFileType = sourcecode.swift; path = DaterService.swift; sourceTree = "<group>"; };
		1EE29CB72C7345D700A8CA86 /* DaterModel.swift */ = {isa = PBXFileReference; lastKnownFileType = sourcecode.swift; path = DaterModel.swift; sourceTree = "<group>"; };
		1EE29CB92C7345F500A8CA86 /* DatersViewModel.swift */ = {isa = PBXFileReference; lastKnownFileType = sourcecode.swift; path = DatersViewModel.swift; sourceTree = "<group>"; };
		1EE29CBB2C735A9600A8CA86 /* NetworkingTests.swift */ = {isa = PBXFileReference; lastKnownFileType = sourcecode.swift; path = NetworkingTests.swift; sourceTree = "<group>"; };
		1EE29CBE2C735AFC00A8CA86 /* MockData.swift */ = {isa = PBXFileReference; lastKnownFileType = sourcecode.swift; path = MockData.swift; sourceTree = "<group>"; };
		1EE29CC02C735FFA00A8CA86 /* MockDaterService.swift */ = {isa = PBXFileReference; lastKnownFileType = sourcecode.swift; path = MockDaterService.swift; sourceTree = "<group>"; };
		1EE29CC22C73602700A8CA86 /* DatersViewModelTests.swift */ = {isa = PBXFileReference; lastKnownFileType = sourcecode.swift; path = DatersViewModelTests.swift; sourceTree = "<group>"; };
		1EE29CC52C73715A00A8CA86 /* DateDownIndicatorView.swift */ = {isa = PBXFileReference; lastKnownFileType = sourcecode.swift; path = DateDownIndicatorView.swift; sourceTree = "<group>"; };
		1EE29CC72C7371A900A8CA86 /* DateIndicatorStaticView.swift */ = {isa = PBXFileReference; lastKnownFileType = sourcecode.swift; path = DateIndicatorStaticView.swift; sourceTree = "<group>"; };
		1EE29CC92C7371C400A8CA86 /* DateIndicatorTransientView.swift */ = {isa = PBXFileReference; lastKnownFileType = sourcecode.swift; path = DateIndicatorTransientView.swift; sourceTree = "<group>"; };
		1EE29CCB2C7371E100A8CA86 /* DaterInfoView.swift */ = {isa = PBXFileReference; lastKnownFileType = sourcecode.swift; path = DaterInfoView.swift; sourceTree = "<group>"; };
		1EE29CCD2C7371FA00A8CA86 /* DownIndicatorStaticView.swift */ = {isa = PBXFileReference; lastKnownFileType = sourcecode.swift; path = DownIndicatorStaticView.swift; sourceTree = "<group>"; };
		1EE29CCF2C73721200A8CA86 /* DownIndicatorTransientView.swift */ = {isa = PBXFileReference; lastKnownFileType = sourcecode.swift; path = DownIndicatorTransientView.swift; sourceTree = "<group>"; };
		1EE29CD12C73723700A8CA86 /* DateLineUpView.swift */ = {isa = PBXFileReference; lastKnownFileType = sourcecode.swift; path = DateLineUpView.swift; sourceTree = "<group>"; };
		1EE29CD32C73725500A8CA86 /* DaterCardView.swift */ = {isa = PBXFileReference; lastKnownFileType = sourcecode.swift; path = DaterCardView.swift; sourceTree = "<group>"; };
/* End PBXFileReference section */

/* Begin PBXFrameworksBuildPhase section */
		1EE29C6D2C733EB400A8CA86 /* Frameworks */ = {
			isa = PBXFrameworksBuildPhase;
			buildActionMask = 2147483647;
			files = (
			);
			runOnlyForDeploymentPostprocessing = 0;
		};
		1EE29C7D2C733EB700A8CA86 /* Frameworks */ = {
			isa = PBXFrameworksBuildPhase;
			buildActionMask = 2147483647;
			files = (
			);
			runOnlyForDeploymentPostprocessing = 0;
		};
		1EE29C872C733EB700A8CA86 /* Frameworks */ = {
			isa = PBXFrameworksBuildPhase;
			buildActionMask = 2147483647;
			files = (
			);
			runOnlyForDeploymentPostprocessing = 0;
		};
/* End PBXFrameworksBuildPhase section */

/* Begin PBXGroup section */
		1EE29C672C733EB300A8CA86 = {
			isa = PBXGroup;
			children = (
				1EA8B1752C74040E00E92945 /* DownAppCodeChallenge.xctestplan */,
				1EE29C722C733EB400A8CA86 /* DownAppCodeChallenge */,
				1EE29C832C733EB700A8CA86 /* DownAppCodeChallengeTests */,
				1EE29C712C733EB400A8CA86 /* Products */,
			);
			sourceTree = "<group>";
		};
		1EE29C712C733EB400A8CA86 /* Products */ = {
			isa = PBXGroup;
			children = (
				1EE29C702C733EB400A8CA86 /* DownAppCodeChallenge.app */,
				1EE29C802C733EB700A8CA86 /* DownAppCodeChallengeTests.xctest */,
				1EE29C8A2C733EB700A8CA86 /* DownAppCodeChallengeUITests.xctest */,
			);
			name = Products;
			sourceTree = "<group>";
		};
		1EE29C722C733EB400A8CA86 /* DownAppCodeChallenge */ = {
			isa = PBXGroup;
			children = (
				1EE29C9D2C733F1D00A8CA86 /* App */,
				1EE29C9E2C733F2300A8CA86 /* Core */,
				1EE29C792C733EB600A8CA86 /* Preview Content */,
				1EE29C9F2C733F2800A8CA86 /* Shared */,
				1EE29CA02C733F2D00A8CA86 /* Supporting Files */,
			);
			path = DownAppCodeChallenge;
			sourceTree = "<group>";
		};
		1EE29C792C733EB600A8CA86 /* Preview Content */ = {
			isa = PBXGroup;
			children = (
				1EE29C7A2C733EB600A8CA86 /* Preview Assets.xcassets */,
			);
			path = "Preview Content";
			sourceTree = "<group>";
		};
		1EE29C832C733EB700A8CA86 /* DownAppCodeChallengeTests */ = {
			isa = PBXGroup;
			children = (
				1EE29CBD2C735AE800A8CA86 /* MockData */,
				1EE29CC22C73602700A8CA86 /* DatersViewModelTests.swift */,
				1EE29CBB2C735A9600A8CA86 /* NetworkingTests.swift */,
			);
			path = DownAppCodeChallengeTests;
			sourceTree = "<group>";
		};
		1EE29C9D2C733F1D00A8CA86 /* App */ = {
			isa = PBXGroup;
			children = (
				1EE29C732C733EB400A8CA86 /* DownAppCodeChallengeApp.swift */,
			);
			path = App;
			sourceTree = "<group>";
		};
		1EE29C9E2C733F2300A8CA86 /* Core */ = {
			isa = PBXGroup;
			children = (
				1EE29CA12C733F6E00A8CA86 /* Daters */,
				1EE29CA22C733F7400A8CA86 /* TabBar */,
			);
			path = Core;
			sourceTree = "<group>";
		};
		1EE29C9F2C733F2800A8CA86 /* Shared */ = {
			isa = PBXGroup;
			children = (
				1EE29CA92C73438000A8CA86 /* API */,
				1EE29CAA2C73438900A8CA86 /* Constants */,
				1EE29CAB2C73439100A8CA86 /* Models */,
			);
			path = Shared;
			sourceTree = "<group>";
		};
		1EE29CA02C733F2D00A8CA86 /* Supporting Files */ = {
			isa = PBXGroup;
			children = (
				1EE29C772C733EB600A8CA86 /* Assets.xcassets */,
			);
			path = "Supporting Files";
			sourceTree = "<group>";
		};
		1EE29CA12C733F6E00A8CA86 /* Daters */ = {
			isa = PBXGroup;
			children = (
				1EE29CA32C733F8700A8CA86 /* Model */,
				1EE29CA62C733F9A00A8CA86 /* Service */,
				1EE29CA42C733F8F00A8CA86 /* View */,
				1EE29CA52C733F9400A8CA86 /* ViewModel */,
			);
			path = Daters;
			sourceTree = "<group>";
		};
		1EE29CA22C733F7400A8CA86 /* TabBar */ = {
			isa = PBXGroup;
			children = (
				1EE29CA72C733FB300A8CA86 /* MainTabView.swift */,
			);
			path = TabBar;
			sourceTree = "<group>";
		};
		1EE29CA32C733F8700A8CA86 /* Model */ = {
			isa = PBXGroup;
			children = (
				1EE29CB72C7345D700A8CA86 /* DaterModel.swift */,
			);
			path = Model;
			sourceTree = "<group>";
		};
		1EE29CA42C733F8F00A8CA86 /* View */ = {
			isa = PBXGroup;
			children = (
				1EE29CC42C73713B00A8CA86 /* Components */,
				1EE29CD12C73723700A8CA86 /* DateLineUpView.swift */,
				1EE29CD32C73725500A8CA86 /* DaterCardView.swift */,
			);
			path = View;
			sourceTree = "<group>";
		};
		1EE29CA52C733F9400A8CA86 /* ViewModel */ = {
			isa = PBXGroup;
			children = (
				1EE29CB92C7345F500A8CA86 /* DatersViewModel.swift */,
			);
			path = ViewModel;
			sourceTree = "<group>";
		};
		1EE29CA62C733F9A00A8CA86 /* Service */ = {
			isa = PBXGroup;
			children = (
				1EE29CB52C7345AF00A8CA86 /* DaterService.swift */,
			);
			path = Service;
			sourceTree = "<group>";
		};
		1EE29CA92C73438000A8CA86 /* API */ = {
			isa = PBXGroup;
			children = (
				1EE29CAC2C7343BC00A8CA86 /* HTTPDataDownloader.swift */,
			);
			path = API;
			sourceTree = "<group>";
		};
		1EE29CAA2C73438900A8CA86 /* Constants */ = {
			isa = PBXGroup;
			children = (
				1EE29CAE2C7343DD00A8CA86 /* SizeConstants.swift */,
			);
			path = Constants;
			sourceTree = "<group>";
		};
		1EE29CAB2C73439100A8CA86 /* Models */ = {
			isa = PBXGroup;
			children = (
				1EE29CB02C7343FA00A8CA86 /* APIError.swift */,
				1EE29CB22C73440E00A8CA86 /* Dater.swift */,
			);
			path = Models;
			sourceTree = "<group>";
		};
		1EE29CBD2C735AE800A8CA86 /* MockData */ = {
			isa = PBXGroup;
			children = (
				1EE29CBE2C735AFC00A8CA86 /* MockData.swift */,
				1EE29CC02C735FFA00A8CA86 /* MockDaterService.swift */,
			);
			path = MockData;
			sourceTree = "<group>";
		};
		1EE29CC42C73713B00A8CA86 /* Components */ = {
			isa = PBXGroup;
			children = (
				1EE29CC52C73715A00A8CA86 /* DateDownIndicatorView.swift */,
				1EE29CC72C7371A900A8CA86 /* DateIndicatorStaticView.swift */,
				1EE29CC92C7371C400A8CA86 /* DateIndicatorTransientView.swift */,
				1EA8B1732C73FD4700E92945 /* DaterImageView.swift */,
				1EE29CCB2C7371E100A8CA86 /* DaterInfoView.swift */,
				1EE29CCD2C7371FA00A8CA86 /* DownIndicatorStaticView.swift */,
				1EE29CCF2C73721200A8CA86 /* DownIndicatorTransientView.swift */,
			);
			path = Components;
			sourceTree = "<group>";
		};
/* End PBXGroup section */

/* Begin PBXNativeTarget section */
		1EE29C6F2C733EB400A8CA86 /* DownAppCodeChallenge */ = {
			isa = PBXNativeTarget;
			buildConfigurationList = 1EE29C942C733EB700A8CA86 /* Build configuration list for PBXNativeTarget "DownAppCodeChallenge" */;
			buildPhases = (
				1EE29C6C2C733EB400A8CA86 /* Sources */,
				1EE29C6D2C733EB400A8CA86 /* Frameworks */,
				1EE29C6E2C733EB400A8CA86 /* Resources */,
			);
			buildRules = (
			);
			dependencies = (
			);
			name = DownAppCodeChallenge;
			productName = DownAppCodeChallenge;
			productReference = 1EE29C702C733EB400A8CA86 /* DownAppCodeChallenge.app */;
			productType = "com.apple.product-type.application";
		};
		1EE29C7F2C733EB700A8CA86 /* DownAppCodeChallengeTests */ = {
			isa = PBXNativeTarget;
			buildConfigurationList = 1EE29C972C733EB700A8CA86 /* Build configuration list for PBXNativeTarget "DownAppCodeChallengeTests" */;
			buildPhases = (
				1EE29C7C2C733EB700A8CA86 /* Sources */,
				1EE29C7D2C733EB700A8CA86 /* Frameworks */,
				1EE29C7E2C733EB700A8CA86 /* Resources */,
			);
			buildRules = (
			);
			dependencies = (
				1EE29C822C733EB700A8CA86 /* PBXTargetDependency */,
			);
			name = DownAppCodeChallengeTests;
			productName = DownAppCodeChallengeTests;
			productReference = 1EE29C802C733EB700A8CA86 /* DownAppCodeChallengeTests.xctest */;
			productType = "com.apple.product-type.bundle.unit-test";
		};
		1EE29C892C733EB700A8CA86 /* DownAppCodeChallengeUITests */ = {
			isa = PBXNativeTarget;
			buildConfigurationList = 1EE29C9A2C733EB700A8CA86 /* Build configuration list for PBXNativeTarget "DownAppCodeChallengeUITests" */;
			buildPhases = (
				1EE29C862C733EB700A8CA86 /* Sources */,
				1EE29C872C733EB700A8CA86 /* Frameworks */,
				1EE29C882C733EB700A8CA86 /* Resources */,
			);
			buildRules = (
			);
			dependencies = (
				1EE29C8C2C733EB700A8CA86 /* PBXTargetDependency */,
			);
			name = DownAppCodeChallengeUITests;
			productName = DownAppCodeChallengeUITests;
			productReference = 1EE29C8A2C733EB700A8CA86 /* DownAppCodeChallengeUITests.xctest */;
			productType = "com.apple.product-type.bundle.ui-testing";
		};
/* End PBXNativeTarget section */

/* Begin PBXProject section */
		1EE29C682C733EB300A8CA86 /* Project object */ = {
			isa = PBXProject;
			attributes = {
				BuildIndependentTargetsInParallel = 1;
				LastSwiftUpdateCheck = 1540;
				LastUpgradeCheck = 1540;
				TargetAttributes = {
					1EE29C6F2C733EB400A8CA86 = {
						CreatedOnToolsVersion = 15.4;
					};
					1EE29C7F2C733EB700A8CA86 = {
						CreatedOnToolsVersion = 15.4;
						TestTargetID = 1EE29C6F2C733EB400A8CA86;
					};
					1EE29C892C733EB700A8CA86 = {
						CreatedOnToolsVersion = 15.4;
						TestTargetID = 1EE29C6F2C733EB400A8CA86;
					};
				};
			};
			buildConfigurationList = 1EE29C6B2C733EB300A8CA86 /* Build configuration list for PBXProject "DownAppCodeChallenge" */;
			compatibilityVersion = "Xcode 14.0";
			developmentRegion = en;
			hasScannedForEncodings = 0;
			knownRegions = (
				en,
				Base,
			);
			mainGroup = 1EE29C672C733EB300A8CA86;
			productRefGroup = 1EE29C712C733EB400A8CA86 /* Products */;
			projectDirPath = "";
			projectRoot = "";
			targets = (
				1EE29C6F2C733EB400A8CA86 /* DownAppCodeChallenge */,
				1EE29C7F2C733EB700A8CA86 /* DownAppCodeChallengeTests */,
				1EE29C892C733EB700A8CA86 /* DownAppCodeChallengeUITests */,
			);
		};
/* End PBXProject section */

/* Begin PBXResourcesBuildPhase section */
		1EE29C6E2C733EB400A8CA86 /* Resources */ = {
			isa = PBXResourcesBuildPhase;
			buildActionMask = 2147483647;
			files = (
				1EE29C7B2C733EB600A8CA86 /* Preview Assets.xcassets in Resources */,
				1EE29C782C733EB600A8CA86 /* Assets.xcassets in Resources */,
			);
			runOnlyForDeploymentPostprocessing = 0;
		};
		1EE29C7E2C733EB700A8CA86 /* Resources */ = {
			isa = PBXResourcesBuildPhase;
			buildActionMask = 2147483647;
			files = (
			);
			runOnlyForDeploymentPostprocessing = 0;
		};
		1EE29C882C733EB700A8CA86 /* Resources */ = {
			isa = PBXResourcesBuildPhase;
			buildActionMask = 2147483647;
			files = (
			);
			runOnlyForDeploymentPostprocessing = 0;
		};
/* End PBXResourcesBuildPhase section */

/* Begin PBXSourcesBuildPhase section */
		1EE29C6C2C733EB400A8CA86 /* Sources */ = {
			isa = PBXSourcesBuildPhase;
			buildActionMask = 2147483647;
			files = (
				1EE29CCC2C7371E100A8CA86 /* DaterInfoView.swift in Sources */,
				1EE29C742C733EB400A8CA86 /* DownAppCodeChallengeApp.swift in Sources */,
				1EE29CAD2C7343BC00A8CA86 /* HTTPDataDownloader.swift in Sources */,
				1EE29CC62C73715A00A8CA86 /* DateDownIndicatorView.swift in Sources */,
				1EE29CCE2C7371FA00A8CA86 /* DownIndicatorStaticView.swift in Sources */,
				1EA8B1742C73FD4700E92945 /* DaterImageView.swift in Sources */,
				1EE29CD22C73723700A8CA86 /* DateLineUpView.swift in Sources */,
				1EE29CAF2C7343DD00A8CA86 /* SizeConstants.swift in Sources */,
				1EE29CB62C7345AF00A8CA86 /* DaterService.swift in Sources */,
				1EE29CBA2C7345F500A8CA86 /* DatersViewModel.swift in Sources */,
				1EE29CCA2C7371C400A8CA86 /* DateIndicatorTransientView.swift in Sources */,
				1EE29CB82C7345D800A8CA86 /* DaterModel.swift in Sources */,
				1EE29CD42C73725500A8CA86 /* DaterCardView.swift in Sources */,
				1EE29CB12C7343FA00A8CA86 /* APIError.swift in Sources */,
				1EE29CB32C73440E00A8CA86 /* Dater.swift in Sources */,
				1EE29CA82C733FB300A8CA86 /* MainTabView.swift in Sources */,
				1EE29CC82C7371A900A8CA86 /* DateIndicatorStaticView.swift in Sources */,
				1EE29CD02C73721200A8CA86 /* DownIndicatorTransientView.swift in Sources */,
			);
			runOnlyForDeploymentPostprocessing = 0;
		};
		1EE29C7C2C733EB700A8CA86 /* Sources */ = {
			isa = PBXSourcesBuildPhase;
			buildActionMask = 2147483647;
			files = (
				1EE29CC12C735FFA00A8CA86 /* MockDaterService.swift in Sources */,
				1EE29CBF2C735AFD00A8CA86 /* MockData.swift in Sources */,
				1EE29CBC2C735A9600A8CA86 /* NetworkingTests.swift in Sources */,
				1EE29CC32C73602700A8CA86 /* DatersViewModelTests.swift in Sources */,
			);
			runOnlyForDeploymentPostprocessing = 0;
		};
		1EE29C862C733EB700A8CA86 /* Sources */ = {
			isa = PBXSourcesBuildPhase;
			buildActionMask = 2147483647;
			files = (
			);
			runOnlyForDeploymentPostprocessing = 0;
		};
/* End PBXSourcesBuildPhase section */

/* Begin PBXTargetDependency section */
		1EE29C822C733EB700A8CA86 /* PBXTargetDependency */ = {
			isa = PBXTargetDependency;
			target = 1EE29C6F2C733EB400A8CA86 /* DownAppCodeChallenge */;
			targetProxy = 1EE29C812C733EB700A8CA86 /* PBXContainerItemProxy */;
		};
		1EE29C8C2C733EB700A8CA86 /* PBXTargetDependency */ = {
			isa = PBXTargetDependency;
			target = 1EE29C6F2C733EB400A8CA86 /* DownAppCodeChallenge */;
			targetProxy = 1EE29C8B2C733EB700A8CA86 /* PBXContainerItemProxy */;
		};
/* End PBXTargetDependency section */

/* Begin XCBuildConfiguration section */
		1EE29C922C733EB700A8CA86 /* Debug */ = {
			isa = XCBuildConfiguration;
			buildSettings = {
				ALWAYS_SEARCH_USER_PATHS = NO;
				ASSETCATALOG_COMPILER_GENERATE_SWIFT_ASSET_SYMBOL_EXTENSIONS = YES;
				CLANG_ANALYZER_NONNULL = YES;
				CLANG_ANALYZER_NUMBER_OBJECT_CONVERSION = YES_AGGRESSIVE;
				CLANG_CXX_LANGUAGE_STANDARD = "gnu++20";
				CLANG_ENABLE_MODULES = YES;
				CLANG_ENABLE_OBJC_ARC = YES;
				CLANG_ENABLE_OBJC_WEAK = YES;
				CLANG_WARN_BLOCK_CAPTURE_AUTORELEASING = YES;
				CLANG_WARN_BOOL_CONVERSION = YES;
				CLANG_WARN_COMMA = YES;
				CLANG_WARN_CONSTANT_CONVERSION = YES;
				CLANG_WARN_DEPRECATED_OBJC_IMPLEMENTATIONS = YES;
				CLANG_WARN_DIRECT_OBJC_ISA_USAGE = YES_ERROR;
				CLANG_WARN_DOCUMENTATION_COMMENTS = YES;
				CLANG_WARN_EMPTY_BODY = YES;
				CLANG_WARN_ENUM_CONVERSION = YES;
				CLANG_WARN_INFINITE_RECURSION = YES;
				CLANG_WARN_INT_CONVERSION = YES;
				CLANG_WARN_NON_LITERAL_NULL_CONVERSION = YES;
				CLANG_WARN_OBJC_IMPLICIT_RETAIN_SELF = YES;
				CLANG_WARN_OBJC_LITERAL_CONVERSION = YES;
				CLANG_WARN_OBJC_ROOT_CLASS = YES_ERROR;
				CLANG_WARN_QUOTED_INCLUDE_IN_FRAMEWORK_HEADER = YES;
				CLANG_WARN_RANGE_LOOP_ANALYSIS = YES;
				CLANG_WARN_STRICT_PROTOTYPES = YES;
				CLANG_WARN_SUSPICIOUS_MOVE = YES;
				CLANG_WARN_UNGUARDED_AVAILABILITY = YES_AGGRESSIVE;
				CLANG_WARN_UNREACHABLE_CODE = YES;
				CLANG_WARN__DUPLICATE_METHOD_MATCH = YES;
				COPY_PHASE_STRIP = NO;
				DEBUG_INFORMATION_FORMAT = dwarf;
				ENABLE_STRICT_OBJC_MSGSEND = YES;
				ENABLE_TESTABILITY = YES;
				ENABLE_USER_SCRIPT_SANDBOXING = YES;
				GCC_C_LANGUAGE_STANDARD = gnu17;
				GCC_DYNAMIC_NO_PIC = NO;
				GCC_NO_COMMON_BLOCKS = YES;
				GCC_OPTIMIZATION_LEVEL = 0;
				GCC_PREPROCESSOR_DEFINITIONS = (
					"DEBUG=1",
					"$(inherited)",
				);
				GCC_WARN_64_TO_32_BIT_CONVERSION = YES;
				GCC_WARN_ABOUT_RETURN_TYPE = YES_ERROR;
				GCC_WARN_UNDECLARED_SELECTOR = YES;
				GCC_WARN_UNINITIALIZED_AUTOS = YES_AGGRESSIVE;
				GCC_WARN_UNUSED_FUNCTION = YES;
				GCC_WARN_UNUSED_VARIABLE = YES;
				IPHONEOS_DEPLOYMENT_TARGET = 17.5;
				LOCALIZATION_PREFERS_STRING_CATALOGS = YES;
				MTL_ENABLE_DEBUG_INFO = INCLUDE_SOURCE;
				MTL_FAST_MATH = YES;
				ONLY_ACTIVE_ARCH = YES;
				SDKROOT = iphoneos;
				SWIFT_ACTIVE_COMPILATION_CONDITIONS = "DEBUG $(inherited)";
				SWIFT_OPTIMIZATION_LEVEL = "-Onone";
			};
			name = Debug;
		};
		1EE29C932C733EB700A8CA86 /* Release */ = {
			isa = XCBuildConfiguration;
			buildSettings = {
				ALWAYS_SEARCH_USER_PATHS = NO;
				ASSETCATALOG_COMPILER_GENERATE_SWIFT_ASSET_SYMBOL_EXTENSIONS = YES;
				CLANG_ANALYZER_NONNULL = YES;
				CLANG_ANALYZER_NUMBER_OBJECT_CONVERSION = YES_AGGRESSIVE;
				CLANG_CXX_LANGUAGE_STANDARD = "gnu++20";
				CLANG_ENABLE_MODULES = YES;
				CLANG_ENABLE_OBJC_ARC = YES;
				CLANG_ENABLE_OBJC_WEAK = YES;
				CLANG_WARN_BLOCK_CAPTURE_AUTORELEASING = YES;
				CLANG_WARN_BOOL_CONVERSION = YES;
				CLANG_WARN_COMMA = YES;
				CLANG_WARN_CONSTANT_CONVERSION = YES;
				CLANG_WARN_DEPRECATED_OBJC_IMPLEMENTATIONS = YES;
				CLANG_WARN_DIRECT_OBJC_ISA_USAGE = YES_ERROR;
				CLANG_WARN_DOCUMENTATION_COMMENTS = YES;
				CLANG_WARN_EMPTY_BODY = YES;
				CLANG_WARN_ENUM_CONVERSION = YES;
				CLANG_WARN_INFINITE_RECURSION = YES;
				CLANG_WARN_INT_CONVERSION = YES;
				CLANG_WARN_NON_LITERAL_NULL_CONVERSION = YES;
				CLANG_WARN_OBJC_IMPLICIT_RETAIN_SELF = YES;
				CLANG_WARN_OBJC_LITERAL_CONVERSION = YES;
				CLANG_WARN_OBJC_ROOT_CLASS = YES_ERROR;
				CLANG_WARN_QUOTED_INCLUDE_IN_FRAMEWORK_HEADER = YES;
				CLANG_WARN_RANGE_LOOP_ANALYSIS = YES;
				CLANG_WARN_STRICT_PROTOTYPES = YES;
				CLANG_WARN_SUSPICIOUS_MOVE = YES;
				CLANG_WARN_UNGUARDED_AVAILABILITY = YES_AGGRESSIVE;
				CLANG_WARN_UNREACHABLE_CODE = YES;
				CLANG_WARN__DUPLICATE_METHOD_MATCH = YES;
				COPY_PHASE_STRIP = NO;
				DEBUG_INFORMATION_FORMAT = "dwarf-with-dsym";
				ENABLE_NS_ASSERTIONS = NO;
				ENABLE_STRICT_OBJC_MSGSEND = YES;
				ENABLE_USER_SCRIPT_SANDBOXING = YES;
				GCC_C_LANGUAGE_STANDARD = gnu17;
				GCC_NO_COMMON_BLOCKS = YES;
				GCC_WARN_64_TO_32_BIT_CONVERSION = YES;
				GCC_WARN_ABOUT_RETURN_TYPE = YES_ERROR;
				GCC_WARN_UNDECLARED_SELECTOR = YES;
				GCC_WARN_UNINITIALIZED_AUTOS = YES_AGGRESSIVE;
				GCC_WARN_UNUSED_FUNCTION = YES;
				GCC_WARN_UNUSED_VARIABLE = YES;
				IPHONEOS_DEPLOYMENT_TARGET = 17.5;
				LOCALIZATION_PREFERS_STRING_CATALOGS = YES;
				MTL_ENABLE_DEBUG_INFO = NO;
				MTL_FAST_MATH = YES;
				SDKROOT = iphoneos;
				SWIFT_COMPILATION_MODE = wholemodule;
				VALIDATE_PRODUCT = YES;
			};
			name = Release;
		};
		1EE29C952C733EB700A8CA86 /* Debug */ = {
			isa = XCBuildConfiguration;
			buildSettings = {
				ASSETCATALOG_COMPILER_APPICON_NAME = AppIcon;
				ASSETCATALOG_COMPILER_GLOBAL_ACCENT_COLOR_NAME = AccentColor;
				CODE_SIGN_STYLE = Automatic;
				CURRENT_PROJECT_VERSION = 1;
				DEVELOPMENT_ASSET_PATHS = "\"DownAppCodeChallenge/Preview Content\"";
				DEVELOPMENT_TEAM = 53SST65H8V;
				ENABLE_PREVIEWS = YES;
				GENERATE_INFOPLIST_FILE = YES;
				INFOPLIST_KEY_UIApplicationSceneManifest_Generation = YES;
				INFOPLIST_KEY_UIApplicationSupportsIndirectInputEvents = YES;
				INFOPLIST_KEY_UILaunchScreen_Generation = YES;
				INFOPLIST_KEY_UISupportedInterfaceOrientations = UIInterfaceOrientationPortrait;
				IPHONEOS_DEPLOYMENT_TARGET = 17.0;
				LD_RUNPATH_SEARCH_PATHS = (
					"$(inherited)",
					"@executable_path/Frameworks",
				);
				MARKETING_VERSION = 1.0;
				PRODUCT_BUNDLE_IDENTIFIER = inc.malachihul.downappchallenge.DownAppCodeChallenge;
				PRODUCT_NAME = "$(TARGET_NAME)";
				SWIFT_EMIT_LOC_STRINGS = YES;
				SWIFT_VERSION = 5.0;
				TARGETED_DEVICE_FAMILY = "1,2";
			};
			name = Debug;
		};
		1EE29C962C733EB700A8CA86 /* Release */ = {
			isa = XCBuildConfiguration;
			buildSettings = {
				ASSETCATALOG_COMPILER_APPICON_NAME = AppIcon;
				ASSETCATALOG_COMPILER_GLOBAL_ACCENT_COLOR_NAME = AccentColor;
				CODE_SIGN_STYLE = Automatic;
				CURRENT_PROJECT_VERSION = 1;
				DEVELOPMENT_ASSET_PATHS = "\"DownAppCodeChallenge/Preview Content\"";
				DEVELOPMENT_TEAM = 53SST65H8V;
				ENABLE_PREVIEWS = YES;
				GENERATE_INFOPLIST_FILE = YES;
				INFOPLIST_KEY_UIApplicationSceneManifest_Generation = YES;
				INFOPLIST_KEY_UIApplicationSupportsIndirectInputEvents = YES;
				INFOPLIST_KEY_UILaunchScreen_Generation = YES;
				INFOPLIST_KEY_UISupportedInterfaceOrientations = UIInterfaceOrientationPortrait;
				IPHONEOS_DEPLOYMENT_TARGET = 17.0;
				LD_RUNPATH_SEARCH_PATHS = (
					"$(inherited)",
					"@executable_path/Frameworks",
				);
				MARKETING_VERSION = 1.0;
				PRODUCT_BUNDLE_IDENTIFIER = inc.malachihul.downappchallenge.DownAppCodeChallenge;
				PRODUCT_NAME = "$(TARGET_NAME)";
				SWIFT_EMIT_LOC_STRINGS = YES;
				SWIFT_VERSION = 5.0;
				TARGETED_DEVICE_FAMILY = "1,2";
			};
			name = Release;
		};
		1EE29C982C733EB700A8CA86 /* Debug */ = {
			isa = XCBuildConfiguration;
			buildSettings = {
				ALWAYS_EMBED_SWIFT_STANDARD_LIBRARIES = YES;
				BUNDLE_LOADER = "$(TEST_HOST)";
				CODE_SIGN_STYLE = Automatic;
				CURRENT_PROJECT_VERSION = 1;
				DEVELOPMENT_TEAM = 53SST65H8V;
				GENERATE_INFOPLIST_FILE = YES;
				IPHONEOS_DEPLOYMENT_TARGET = 17.5;
				MARKETING_VERSION = 1.0;
				PRODUCT_BUNDLE_IDENTIFIER = inc.malachihul.downappchallenge.DownAppCodeChallengeTests;
				PRODUCT_NAME = "$(TARGET_NAME)";
				SWIFT_EMIT_LOC_STRINGS = NO;
				SWIFT_VERSION = 5.0;
				TARGETED_DEVICE_FAMILY = "1,2";
				TEST_HOST = "$(BUILT_PRODUCTS_DIR)/DownAppCodeChallenge.app/$(BUNDLE_EXECUTABLE_FOLDER_PATH)/DownAppCodeChallenge";
			};
			name = Debug;
		};
		1EE29C992C733EB700A8CA86 /* Release */ = {
			isa = XCBuildConfiguration;
			buildSettings = {
				ALWAYS_EMBED_SWIFT_STANDARD_LIBRARIES = YES;
				BUNDLE_LOADER = "$(TEST_HOST)";
				CODE_SIGN_STYLE = Automatic;
				CURRENT_PROJECT_VERSION = 1;
				DEVELOPMENT_TEAM = 53SST65H8V;
				GENERATE_INFOPLIST_FILE = YES;
				IPHONEOS_DEPLOYMENT_TARGET = 17.5;
				MARKETING_VERSION = 1.0;
				PRODUCT_BUNDLE_IDENTIFIER = inc.malachihul.downappchallenge.DownAppCodeChallengeTests;
				PRODUCT_NAME = "$(TARGET_NAME)";
				SWIFT_EMIT_LOC_STRINGS = NO;
				SWIFT_VERSION = 5.0;
				TARGETED_DEVICE_FAMILY = "1,2";
				TEST_HOST = "$(BUILT_PRODUCTS_DIR)/DownAppCodeChallenge.app/$(BUNDLE_EXECUTABLE_FOLDER_PATH)/DownAppCodeChallenge";
			};
			name = Release;
		};
		1EE29C9B2C733EB700A8CA86 /* Debug */ = {
			isa = XCBuildConfiguration;
			buildSettings = {
				ALWAYS_EMBED_SWIFT_STANDARD_LIBRARIES = YES;
				CODE_SIGN_STYLE = Automatic;
				CURRENT_PROJECT_VERSION = 1;
				DEVELOPMENT_TEAM = 53SST65H8V;
				GENERATE_INFOPLIST_FILE = YES;
				MARKETING_VERSION = 1.0;
				PRODUCT_BUNDLE_IDENTIFIER = inc.malachihul.downappchallenge.DownAppCodeChallengeUITests;
				PRODUCT_NAME = "$(TARGET_NAME)";
				SWIFT_EMIT_LOC_STRINGS = NO;
				SWIFT_VERSION = 5.0;
				TARGETED_DEVICE_FAMILY = "1,2";
				TEST_TARGET_NAME = DownAppCodeChallenge;
			};
			name = Debug;
		};
		1EE29C9C2C733EB700A8CA86 /* Release */ = {
			isa = XCBuildConfiguration;
			buildSettings = {
				ALWAYS_EMBED_SWIFT_STANDARD_LIBRARIES = YES;
				CODE_SIGN_STYLE = Automatic;
				CURRENT_PROJECT_VERSION = 1;
				DEVELOPMENT_TEAM = 53SST65H8V;
				GENERATE_INFOPLIST_FILE = YES;
				MARKETING_VERSION = 1.0;
				PRODUCT_BUNDLE_IDENTIFIER = inc.malachihul.downappchallenge.DownAppCodeChallengeUITests;
				PRODUCT_NAME = "$(TARGET_NAME)";
				SWIFT_EMIT_LOC_STRINGS = NO;
				SWIFT_VERSION = 5.0;
				TARGETED_DEVICE_FAMILY = "1,2";
				TEST_TARGET_NAME = DownAppCodeChallenge;
			};
			name = Release;
		};
/* End XCBuildConfiguration section */

/* Begin XCConfigurationList section */
		1EE29C6B2C733EB300A8CA86 /* Build configuration list for PBXProject "DownAppCodeChallenge" */ = {
			isa = XCConfigurationList;
			buildConfigurations = (
				1EE29C922C733EB700A8CA86 /* Debug */,
				1EE29C932C733EB700A8CA86 /* Release */,
			);
			defaultConfigurationIsVisible = 0;
			defaultConfigurationName = Release;
		};
		1EE29C942C733EB700A8CA86 /* Build configuration list for PBXNativeTarget "DownAppCodeChallenge" */ = {
			isa = XCConfigurationList;
			buildConfigurations = (
				1EE29C952C733EB700A8CA86 /* Debug */,
				1EE29C962C733EB700A8CA86 /* Release */,
			);
			defaultConfigurationIsVisible = 0;
			defaultConfigurationName = Release;
		};
		1EE29C972C733EB700A8CA86 /* Build configuration list for PBXNativeTarget "DownAppCodeChallengeTests" */ = {
			isa = XCConfigurationList;
			buildConfigurations = (
				1EE29C982C733EB700A8CA86 /* Debug */,
				1EE29C992C733EB700A8CA86 /* Release */,
			);
			defaultConfigurationIsVisible = 0;
			defaultConfigurationName = Release;
		};
		1EE29C9A2C733EB700A8CA86 /* Build configuration list for PBXNativeTarget "DownAppCodeChallengeUITests" */ = {
			isa = XCConfigurationList;
			buildConfigurations = (
				1EE29C9B2C733EB700A8CA86 /* Debug */,
				1EE29C9C2C733EB700A8CA86 /* Release */,
			);
			defaultConfigurationIsVisible = 0;
			defaultConfigurationName = Release;
		};
/* End XCConfigurationList section */
	};
	rootObject = 1EE29C682C733EB300A8CA86 /* Project object */;
}
